
Microsoft Visual Studio Solution File, Format Version 12.00
Project("{FAE04EC0-301F-11D3-BF4B-00C04F79EFBC}") = "WormsApplication", "WormsApplication.csproj", "{52D8F39D-09B8-4865-99F1-52F6A0657191}"
EndProject
Project("{FAE04EC0-301F-11D3-BF4B-00C04F79EFBC}") = "WormsApplication.UnitTests", "WormsApplication.UnitTests\WormsApplication.UnitTests.csproj", "{01365F39-2C06-419E-AFC2-CFDCADDD6ABA}"
EndProject
Project("{FAE04EC0-301F-11D3-BF4B-00C04F79EFBC}") = "WormsWeb", "WormsWeb\WormsWeb.csproj", "{456224E9-E6A8-4057-9166-E4048DDBD6D7}"
EndProject
Project("{FAE04EC0-301F-11D3-BF4B-00C04F79EFBC}") = "EntitiesLibrary", "EntitiesLibrary\EntitiesLibrary.csproj", "{09C79EB6-2C6E-4672-92CB-96A4C220B2DC}"
EndProject
Global
	GlobalSection(SolutionConfigurationPlatforms) = preSolution
		Debug|Any CPU = Debug|Any CPU
		Release|Any CPU = Release|Any CPU
	EndGlobalSection
	GlobalSection(ProjectConfigurationPlatforms) = postSolution
		{52D8F39D-09B8-4865-99F1-52F6A0657191}.Debug|Any CPU.ActiveCfg = Debug|Any CPU
		{52D8F39D-09B8-4865-99F1-52F6A0657191}.Debug|Any CPU.Build.0 = Debug|Any CPU
		{52D8F39D-09B8-4865-99F1-52F6A0657191}.Release|Any CPU.ActiveCfg = Release|Any CPU
		{52D8F39D-09B8-4865-99F1-52F6A0657191}.Release|Any CPU.Build.0 = Release|Any CPU
		{01365F39-2C06-419E-AFC2-CFDCADDD6ABA}.Debug|Any CPU.ActiveCfg = Debug|Any CPU
		{01365F39-2C06-419E-AFC2-CFDCADDD6ABA}.Debug|Any CPU.Build.0 = Debug|Any CPU
		{01365F39-2C06-419E-AFC2-CFDCADDD6ABA}.Release|Any CPU.ActiveCfg = Release|Any CPU
		{01365F39-2C06-419E-AFC2-CFDCADDD6ABA}.Release|Any CPU.Build.0 = Release|Any CPU
		{456224E9-E6A8-4057-9166-E4048DDBD6D7}.Debug|Any CPU.ActiveCfg = Debug|Any CPU
		{456224E9-E6A8-4057-9166-E4048DDBD6D7}.Debug|Any CPU.Build.0 = Debug|Any CPU
		{456224E9-E6A8-4057-9166-E4048DDBD6D7}.Release|Any CPU.ActiveCfg = Release|Any CPU
		{456224E9-E6A8-4057-9166-E4048DDBD6D7}.Release|Any CPU.Build.0 = Release|Any CPU
		{09C79EB6-2C6E-4672-92CB-96A4C220B2DC}.Debug|Any CPU.ActiveCfg = Debug|Any CPU
		{09C79EB6-2C6E-4672-92CB-96A4C220B2DC}.Debug|Any CPU.Build.0 = Debug|Any CPU
		{09C79EB6-2C6E-4672-92CB-96A4C220B2DC}.Release|Any CPU.ActiveCfg = Release|Any CPU
		{09C79EB6-2C6E-4672-92CB-96A4C220B2DC}.Release|Any CPU.Build.0 = Release|Any CPU
	EndGlobalSection
EndGlobal
